<?xml version="1.0" encoding="utf-8"?>
<Project ToolsVersion="4.0" xmlns="http://schemas.microsoft.com/developer/msbuild/2003">
  <ItemGroup>
    <Filter Include="Source Files">
      <UniqueIdentifier>{4FC737F1-C7A5-4376-A066-2A32D752A2FF}</UniqueIdentifier>
      <Extensions>cpp;c;cc;cxx;def;odl;idl;hpj;bat;asm;asmx</Extensions>
    </Filter>
    <Filter Include="Header Files">
      <UniqueIdentifier>{93995380-89BD-4b04-88EB-625FBE52EBFB}</UniqueIdentifier>
      <Extensions>h;hh;hpp;hxx;hm;inl;inc;xsd</Extensions>
    </Filter>
    <Filter Include="Resource Files">
      <UniqueIdentifier>{67DA6AB6-F800-4c08-8B7A-83BB121AAD01}</UniqueIdentifier>
      <Extensions>rc;ico;cur;bmp;dlg;rc2;rct;bin;rgs;gif;jpg;jpeg;jpe;resx;tiff;tif;png;wav;mfcribbon-ms</Extensions>
    </Filter>
    <Filter Include="Header Files\States">
      <UniqueIdentifier>{324e2687-922f-4f38-bdee-27c01b104e1f}</UniqueIdentifier>
    </Filter>
    <Filter Include="Source Files\States">
      <UniqueIdentifier>{53090178-3487-4f82-bfa7-a13d13f0d5ee}</UniqueIdentifier>
    </Filter>
    <Filter Include="Header Files\GameModes">
      <UniqueIdentifier>{4d239c6f-7856-49e1-86b5-83d36d55c6c5}</UniqueIdentifier>
    </Filter>
    <Filter Include="Source Files\GameModes">
      <UniqueIdentifier>{4cb7342d-b654-4125-beef-f8f912564967}</UniqueIdentifier>
    </Filter>
    <Filter Include="Header Files\Map">
      <UniqueIdentifier>{dbd999fd-7765-442d-a9cb-09ba30aac6c0}</UniqueIdentifier>
    </Filter>
    <Filter Include="Source Files\Map">
      <UniqueIdentifier>{36c8ecd3-55a5-400b-a5d9-c878226cde5d}</UniqueIdentifier>
    </Filter>
    <Filter Include="Source Files\Commands">
      <UniqueIdentifier>{6a558eea-5164-4d1f-8c93-b602375aa872}</UniqueIdentifier>
    </Filter>
    <Filter Include="Header Files\Commands">
      <UniqueIdentifier>{47ecf7a6-df2f-45d3-941a-0e32722e60cc}</UniqueIdentifier>
    </Filter>
  </ItemGroup>
  <ItemGroup>
    <ClInclude Include="stdafx.h">
      <Filter>Header Files</Filter>
    </ClInclude>
    <ClInclude Include="targetver.h">
      <Filter>Header Files</Filter>
    </ClInclude>
    <ClInclude Include="States.h">
      <Filter>Header Files</Filter>
    </ClInclude>
    <ClInclude Include="GameState.h">
      <Filter>Header Files\States</Filter>
    </ClInclude>
    <ClInclude Include="GameStateManager.h">
      <Filter>Header Files</Filter>
    </ClInclude>
    <ClInclude Include="Player.h">
      <Filter>Header Files</Filter>
    </ClInclude>
    <ClInclude Include="MainMenu.h">
      <Filter>Header Files\States</Filter>
    </ClInclude>
    <ClInclude Include="About.h">
      <Filter>Header Files\States</Filter>
    </ClInclude>
    <ClInclude Include="Help.h">
      <Filter>Header Files\States</Filter>
    </ClInclude>
    <ClInclude Include="SelectAdventure.h">
      <Filter>Header Files\States</Filter>
    </ClInclude>
    <ClInclude Include="HallofFame.h">
      <Filter>Header Files\States</Filter>
    </ClInclude>
    <ClInclude Include="NewHighScore.h">
      <Filter>Header Files\States</Filter>
    </ClInclude>
    <ClInclude Include="GameMode.h">
      <Filter>Header Files\GameModes</Filter>
    </ClInclude>
    <ClInclude Include="MountainWorld.h">
      <Filter>Header Files\GameModes</Filter>
    </ClInclude>
    <ClInclude Include="WaterWorld.h">
      <Filter>Header Files\GameModes</Filter>
    </ClInclude>
    <ClInclude Include="BoxWorld.h">
      <Filter>Header Files\GameModes</Filter>
    </ClInclude>
    <ClInclude Include="GamePlay.h">
      <Filter>Header Files\States</Filter>
    </ClInclude>
    <ClInclude Include="Inventory.h">
      <Filter>Header Files</Filter>
    </ClInclude>
    <ClInclude Include="IdeableObject.h">
      <Filter>Header Files</Filter>
    </ClInclude>
    <ClInclude Include="GameObject.h">
      <Filter>Header Files</Filter>
    </ClInclude>
    <ClInclude Include="Item.h">
      <Filter>Header Files</Filter>
    </ClInclude>
    <ClInclude Include="MapNode.h">
      <Filter>Header Files\Map</Filter>
    </ClInclude>
    <ClInclude Include="Graph.h">
      <Filter>Header Files\Map</Filter>
    </ClInclude>
    <ClInclude Include="CommandProcessor.h">
      <Filter>Header Files\Commands</Filter>
    </ClInclude>
    <ClInclude Include="Command.h">
      <Filter>Header Files\Commands</Filter>
    </ClInclude>
    <ClInclude Include="MoveCommand.h">
      <Filter>Header Files\Commands</Filter>
    </ClInclude>
    <ClInclude Include="LookCommand.h">
      <Filter>Header Files\Commands</Filter>
    </ClInclude>
    <ClInclude Include="GrabCommand.h">
      <Filter>Header Files\Commands</Filter>
    </ClInclude>
    <ClInclude Include="PutCommand.h">
      <Filter>Header Files\Commands</Filter>
    </ClInclude>
  </ItemGroup>
  <ItemGroup>
    <ClCompile Include="stdafx.cpp">
      <Filter>Source Files</Filter>
    </ClCompile>
    <ClCompile Include="Zorkish.cpp">
      <Filter>Source Files</Filter>
    </ClCompile>
    <ClCompile Include="MainMenu.cpp">
      <Filter>Source Files\States</Filter>
    </ClCompile>
    <ClCompile Include="Player.cpp">
      <Filter>Source Files</Filter>
    </ClCompile>
    <ClCompile Include="About.cpp">
      <Filter>Source Files\States</Filter>
    </ClCompile>
    <ClCompile Include="Help.cpp">
      <Filter>Source Files\States</Filter>
    </ClCompile>
    <ClCompile Include="SelectAdventure.cpp">
      <Filter>Source Files\States</Filter>
    </ClCompile>
    <ClCompile Include="HallofFame.cpp">
      <Filter>Source Files\States</Filter>
    </ClCompile>
    <ClCompile Include="NewHighScore.cpp">
      <Filter>Source Files\States</Filter>
    </ClCompile>
    <ClCompile Include="GameStateManager.cpp">
      <Filter>Source Files</Filter>
    </ClCompile>
    <ClCompile Include="BoxWorld.cpp">
      <Filter>Source Files\GameModes</Filter>
    </ClCompile>
    <ClCompile Include="MountainWorld.cpp">
      <Filter>Source Files\GameModes</Filter>
    </ClCompile>
    <ClCompile Include="WaterWorld.cpp">
      <Filter>Source Files\GameModes</Filter>
    </ClCompile>
    <ClCompile Include="GamePlay.cpp">
      <Filter>Source Files\States</Filter>
    </ClCompile>
    <ClCompile Include="Inventory.cpp">
      <Filter>Source Files</Filter>
    </ClCompile>
    <ClCompile Include="IdeableObject.cpp">
      <Filter>Source Files</Filter>
    </ClCompile>
    <ClCompile Include="GameObject.cpp">
      <Filter>Source Files</Filter>
    </ClCompile>
    <ClCompile Include="Item.cpp">
      <Filter>Source Files</Filter>
    </ClCompile>
    <ClCompile Include="Graph.cpp">
      <Filter>Source Files\Map</Filter>
    </ClCompile>
    <ClCompile Include="MapNode.cpp">
      <Filter>Source Files\Map</Filter>
    </ClCompile>
    <ClCompile Include="CommandProcessor.cpp">
      <Filter>Source Files\Commands</Filter>
    </ClCompile>
    <ClCompile Include="MoveCommand.cpp">
      <Filter>Source Files\Commands</Filter>
    </ClCompile>
    <ClCompile Include="LookCommand.cpp">
      <Filter>Source Files\Commands</Filter>
    </ClCompile>
    <ClCompile Include="GrabCommand.cpp">
      <Filter>Source Files\Commands</Filter>
    </ClCompile>
    <ClCompile Include="PutCommand.cpp">
      <Filter>Source Files\Commands</Filter>
    </ClCompile>
  </ItemGroup>
  <ItemGroup>
    <None Include="ClassDiagram.cd" />
  </ItemGroup>
  <ItemGroup>
    <Text Include="Adventure.txt" />
  </ItemGroup>
</Project>